PODS:
  - Alamofire (4.3.0)
  - ChameleonFramework/Default (2.1.0)
  - ChameleonFramework/Swift (2.1.0):
    - ChameleonFramework/Default
  - IGListKit (2.0.0)
  - Kingfisher (3.3.1)
  - MGSwipeTableCell (1.5.6)
  - MJRefresh (3.1.12)
  - MOBFoundation (2.0.11)
  - Onboard (2.3.1)
  - PKHUD (4.2.0)
  - Reachability (3.2)
  - ShareSDK3 (3.3.2):
    - ShareSDK3/ShareSDK (= 3.3.2)
  - ShareSDK3/ShareSDK (3.3.2)
  - ShareSDK3/ShareSDKPlatforms/QQ (3.3.2)
  - ShareSDK3/ShareSDKPlatforms/SinaWeibo (3.3.2)
  - ShareSDK3/ShareSDKPlatforms/WeChat (3.3.2)
  - ShareSDK3/ShareSDKUI (3.3.2)
  - SideMenu (2.2.0)
  - SwiftyJSON (3.1.4)

DEPENDENCIES:
  - Alamofire (~> 4.3)
  - ChameleonFramework/Swift (from `https://github.com/ViccAlexander/Chameleon.git`)
  - IGListKit (~> 2.0.0)
  - Kingfisher (~> 3.3.1)
  - MGSwipeTableCell
  - MJRefresh
  - MOBFoundation (~> 2.0.8)
  - Onboard
  - PKHUD (~> 4.2.0)
  - Reachability
  - ShareSDK3 (~> 3.3.2)
  - ShareSDK3/ShareSDKPlatforms/QQ
  - ShareSDK3/ShareSDKPlatforms/SinaWeibo
  - ShareSDK3/ShareSDKPlatforms/WeChat
  - ShareSDK3/ShareSDKUI
  - SideMenu
  - SwiftyJSON (~> 3.1.4)

EXTERNAL SOURCES:
  ChameleonFramework:
    :git: https://github.com/ViccAlexander/Chameleon.git

CHECKOUT OPTIONS:
  ChameleonFramework:
    :commit: dcf98f9bf3a632a7f40679b7da46f09681e48526
    :git: https://github.com/ViccAlexander/Chameleon.git

SPEC CHECKSUMS:
  Alamofire: 856a113053a7bc9cbe5d6367a555d773fc5cfef7
  ChameleonFramework: d21a3cc247abfe5e37609a283a8238b03575cf64
  IGListKit: ee255e4e61865bc3e01ca96b690c5435c2887849
  Kingfisher: 4d943445768c60fe5de314619a8ab07ec761ae5b
  MGSwipeTableCell: 616700eb0ffd1c611ba909066cb7fd739790a0a7
  MJRefresh: b96cdb21c4aa75a7b07654311ab2f315c497e806
  MOBFoundation: e213065e65eebd8146ab29d10a8445dc8f385091
  Onboard: b6871f25ac753175b2ab9a362fb2feb26a81a311
  PKHUD: 48af884cf00c2213b0313b739d914e6cab1c0f5e
  Reachability: 33e18b67625424e47b6cde6d202dce689ad7af96
  ShareSDK3: c76cb96eb38e079952b8157071486d945faa2df2
  SideMenu: eeff6b85456c5c6e14165655691d2033f6b24969
  SwiftyJSON: c2842d878f95482ffceec5709abc3d05680c0220

PODFILE CHECKSUM: 2387a16b22dce987811625b9de183723b5c9fccf

COCOAPODS: 1.2.0
