PODS:
  - Alamofire (4.3.0)
  - ChameleonFramework/Default (2.1.0)
  - ChameleonFramework/Swift (2.1.0):
    - ChameleonFramework/Default
  - Charts (3.0.2):
    - Charts/Core (= 3.0.2)
  - Charts/Core (3.0.2)
  - IGListKit (2.0.0)
  - MJRefresh (3.1.12)
  - MOBFoundation (2.0.11)
  - Onboard (2.3.1)
  - PKHUD (4.2.0)
  - PopupDialog (0.5.4)
  - Reachability (3.2)
  - ShareSDK3 (3.3.2):
    - ShareSDK3/ShareSDK (= 3.3.2)
  - ShareSDK3/ShareSDK (3.3.2)
  - ShareSDK3/ShareSDKPlatforms/QQ (3.3.2)
  - ShareSDK3/ShareSDKPlatforms/SinaWeibo (3.3.2)
  - ShareSDK3/ShareSDKPlatforms/WeChat (3.3.2)
  - ShareSDK3/ShareSDKUI (3.3.2)
  - SwiftyJSON (3.1.4)
  - UMengAnalytics-NO-IDFA (4.2.5)

DEPENDENCIES:
  - Alamofire (~> 4.3)
  - ChameleonFramework/Swift (from `https://github.com/ViccAlexander/Chameleon.git`)
  - Charts (~> 3.0.2)
  - IGListKit (~> 2.0.0)
  - MJRefresh
  - MOBFoundation (~> 2.0.8)
  - Onboard
  - PKHUD (from `https://github.com/pkluz/PKHUD.git`)
  - PopupDialog (~> 0.5)
  - Reachability
  - ShareSDK3 (~> 3.3.2)
  - ShareSDK3/ShareSDKPlatforms/QQ
  - ShareSDK3/ShareSDKPlatforms/SinaWeibo
  - ShareSDK3/ShareSDKPlatforms/WeChat
  - ShareSDK3/ShareSDKUI
  - SwiftyJSON (~> 3.1.4)
  - UMengAnalytics-NO-IDFA

EXTERNAL SOURCES:
  ChameleonFramework:
    :git: https://github.com/ViccAlexander/Chameleon.git
  PKHUD:
    :git: https://github.com/pkluz/PKHUD.git

CHECKOUT OPTIONS:
  ChameleonFramework:
    :commit: dcf98f9bf3a632a7f40679b7da46f09681e48526
    :git: https://github.com/ViccAlexander/Chameleon.git
  PKHUD:
    :commit: e7b953a19460ef94d8aa91d715f024b7d46d2c54
    :git: https://github.com/pkluz/PKHUD.git

SPEC CHECKSUMS:
  Alamofire: 856a113053a7bc9cbe5d6367a555d773fc5cfef7
  ChameleonFramework: d21a3cc247abfe5e37609a283a8238b03575cf64
  Charts: 236d6ccdd0ce6feae151d89e829a7397381a21fd
  IGListKit: ee255e4e61865bc3e01ca96b690c5435c2887849
  MJRefresh: b96cdb21c4aa75a7b07654311ab2f315c497e806
  MOBFoundation: e213065e65eebd8146ab29d10a8445dc8f385091
  Onboard: b6871f25ac753175b2ab9a362fb2feb26a81a311
  PKHUD: c7e8c1595d687b41a10aac59589c357bfcb7df61
  PopupDialog: 75cf955693590b0cb2fdde00223fb65d99c57247
  Reachability: 33e18b67625424e47b6cde6d202dce689ad7af96
  ShareSDK3: c76cb96eb38e079952b8157071486d945faa2df2
  SwiftyJSON: c2842d878f95482ffceec5709abc3d05680c0220
  UMengAnalytics-NO-IDFA: 16666e32edce5be44ae5b14aaaa7f3582e09d6ab

PODFILE CHECKSUM: f5a3be06882f7fe425502631078fcd4803db4fbf

COCOAPODS: 1.2.0
