// !$*UTF8*$!
{
	archiveVersion = 1;
	classes = {
	};
	objectVersion = 46;
	objects = {

/* Begin PBXBuildFile section */
		01C5FBDB9D51592320B8B679 /* Pods_PM2_5.framework in Frameworks */ = {isa = PBXBuildFile; fileRef = D670352EFB4D571611A901BE /* Pods_PM2_5.framework */; };
		5D03BA591E791E5500C84313 /* DeatilViewController.swift in Sources */ = {isa = PBXBuildFile; fileRef = 5D03BA571E791E5500C84313 /* DeatilViewController.swift */; };
		5D03BA5E1E79412A00C84313 /* DetailWeatherView.swift in Sources */ = {isa = PBXBuildFile; fileRef = 5D03BA5D1E79412A00C84313 /* DetailWeatherView.swift */; };
		5D03BA601E79413400C84313 /* DetailWeatherView.xib in Resources */ = {isa = PBXBuildFile; fileRef = 5D03BA5F1E79413400C84313 /* DetailWeatherView.xib */; };
		5D086A591E768DA60045B115 /* UITableViewVibrantCell.swift in Sources */ = {isa = PBXBuildFile; fileRef = 5D086A551E768DA60045B115 /* UITableViewVibrantCell.swift */; };
		5D086A5A1E768DA60045B115 /* SideMenuManager.swift in Sources */ = {isa = PBXBuildFile; fileRef = 5D086A561E768DA60045B115 /* SideMenuManager.swift */; };
		5D086A5B1E768DA60045B115 /* SideMenuTransition.swift in Sources */ = {isa = PBXBuildFile; fileRef = 5D086A571E768DA60045B115 /* SideMenuTransition.swift */; };
		5D086A5C1E768DA60045B115 /* UISideMenuNavigationController.swift in Sources */ = {isa = PBXBuildFile; fileRef = 5D086A581E768DA60045B115 /* UISideMenuNavigationController.swift */; };
		5D19BB1D1E5FE41600A693FC /* UserSetting.swift in Sources */ = {isa = PBXBuildFile; fileRef = 5D19BB1C1E5FE41600A693FC /* UserSetting.swift */; };
		5D5161641E546DF4006F512E /* ChooseViewController.swift in Sources */ = {isa = PBXBuildFile; fileRef = 5D5161621E546DF4006F512E /* ChooseViewController.swift */; };
		5D5161651E546DF4006F512E /* ChooseViewController.xib in Resources */ = {isa = PBXBuildFile; fileRef = 5D5161631E546DF4006F512E /* ChooseViewController.xib */; };
		5D68933F1E67F10500694491 /* HorizontalSectionController.swift in Sources */ = {isa = PBXBuildFile; fileRef = 5D68933E1E67F10500694491 /* HorizontalSectionController.swift */; };
		5D6893431E67F35000694491 /* EmbeddedCollectionViewCell.swift in Sources */ = {isa = PBXBuildFile; fileRef = 5D6893421E67F35000694491 /* EmbeddedCollectionViewCell.swift */; };
		5D6893451E67F38D00694491 /* EmbeddedSectionController.swift in Sources */ = {isa = PBXBuildFile; fileRef = 5D6893441E67F38D00694491 /* EmbeddedSectionController.swift */; };
		5D6893511E68015700694491 /* WeatherUICollectionViewCell.swift in Sources */ = {isa = PBXBuildFile; fileRef = 5D68934F1E68015700694491 /* WeatherUICollectionViewCell.swift */; };
		5D6893521E68015700694491 /* WeatherUICollectionViewCell.xib in Resources */ = {isa = PBXBuildFile; fileRef = 5D6893501E68015700694491 /* WeatherUICollectionViewCell.xib */; };
		5D69CDE71E5EB99B0004C3D2 /* OnBoardVC.swift in Sources */ = {isa = PBXBuildFile; fileRef = 5D69CDE61E5EB99B0004C3D2 /* OnBoardVC.swift */; };
		5D69CDE91E5EC9A60004C3D2 /* VersionControl.swift in Sources */ = {isa = PBXBuildFile; fileRef = 5D69CDE81E5EC9A60004C3D2 /* VersionControl.swift */; };
		5D6A02081E34C6E000AA0F50 /* CommonTool.swift in Sources */ = {isa = PBXBuildFile; fileRef = 5D6A02071E34C6E000AA0F50 /* CommonTool.swift */; };
		5D78383A1E8E780900026E0A /* CustomPKHUDView.swift in Sources */ = {isa = PBXBuildFile; fileRef = 5D7838391E8E780900026E0A /* CustomPKHUDView.swift */; };
		5D80F7A61E5AE7F500A989D8 /* City.swift in Sources */ = {isa = PBXBuildFile; fileRef = 5D80F7A51E5AE7F500A989D8 /* City.swift */; };
		5D80F7A81E5AE80A00A989D8 /* Citys.xml in Resources */ = {isa = PBXBuildFile; fileRef = 5D80F7A71E5AE80A00A989D8 /* Citys.xml */; };
		5D80F7AA1E5AEA3700A989D8 /* ParserXML.swift in Sources */ = {isa = PBXBuildFile; fileRef = 5D80F7A91E5AEA3700A989D8 /* ParserXML.swift */; };
		5D80F7AD1E5B046800A989D8 /* CityListCellTableViewCell.swift in Sources */ = {isa = PBXBuildFile; fileRef = 5D80F7AB1E5B046800A989D8 /* CityListCellTableViewCell.swift */; };
		5D80F7AE1E5B046800A989D8 /* CityListCellTableViewCell.xib in Resources */ = {isa = PBXBuildFile; fileRef = 5D80F7AC1E5B046800A989D8 /* CityListCellTableViewCell.xib */; };
		5D82673C1E7AA62800DDB26A /* ChoosedCity.swift in Sources */ = {isa = PBXBuildFile; fileRef = 5D82673B1E7AA62800DDB26A /* ChoosedCity.swift */; };
		5D94BB531E34D2EE00F4CD3D /* MainViewController.swift in Sources */ = {isa = PBXBuildFile; fileRef = 5D94BB521E34D2EE00F4CD3D /* MainViewController.swift */; };
		5DBE7B5C1E6D40B600B2E9D0 /* ForecastDataLoader.swift in Sources */ = {isa = PBXBuildFile; fileRef = 5DBE7B5B1E6D40B600B2E9D0 /* ForecastDataLoader.swift */; };
		5DBE7B5E1E6D414000B2E9D0 /* ForecastEntry.swift in Sources */ = {isa = PBXBuildFile; fileRef = 5DBE7B5D1E6D414000B2E9D0 /* ForecastEntry.swift */; };
		5DE004931E3473CD009517CB /* AppDelegate.swift in Sources */ = {isa = PBXBuildFile; fileRef = 5DE004921E3473CD009517CB /* AppDelegate.swift */; };
		5DE0049A1E3473CD009517CB /* Main.storyboard in Resources */ = {isa = PBXBuildFile; fileRef = 5DE004981E3473CD009517CB /* Main.storyboard */; };
		5DE0049C1E3473CD009517CB /* Assets.xcassets in Resources */ = {isa = PBXBuildFile; fileRef = 5DE0049B1E3473CD009517CB /* Assets.xcassets */; };
		5DE0049F1E3473CD009517CB /* LaunchScreen.storyboard in Resources */ = {isa = PBXBuildFile; fileRef = 5DE0049D1E3473CD009517CB /* LaunchScreen.storyboard */; };
/* End PBXBuildFile section */

/* Begin PBXFileReference section */
		3E82051039B5A380D5FE3A38 /* Pods-PM2.5.release.xcconfig */ = {isa = PBXFileReference; includeInIndex = 1; lastKnownFileType = text.xcconfig; name = "Pods-PM2.5.release.xcconfig"; path = "Pods/Target Support Files/Pods-PM2.5/Pods-PM2.5.release.xcconfig"; sourceTree = "<group>"; };
		5D03BA571E791E5500C84313 /* DeatilViewController.swift */ = {isa = PBXFileReference; fileEncoding = 4; lastKnownFileType = sourcecode.swift; path = DeatilViewController.swift; sourceTree = "<group>"; };
		5D03BA5D1E79412A00C84313 /* DetailWeatherView.swift */ = {isa = PBXFileReference; fileEncoding = 4; lastKnownFileType = sourcecode.swift; path = DetailWeatherView.swift; sourceTree = "<group>"; };
		5D03BA5F1E79413400C84313 /* DetailWeatherView.xib */ = {isa = PBXFileReference; fileEncoding = 4; lastKnownFileType = file.xib; path = DetailWeatherView.xib; sourceTree = "<group>"; };
		5D086A551E768DA60045B115 /* UITableViewVibrantCell.swift */ = {isa = PBXFileReference; fileEncoding = 4; lastKnownFileType = sourcecode.swift; path = UITableViewVibrantCell.swift; sourceTree = "<group>"; };
		5D086A561E768DA60045B115 /* SideMenuManager.swift */ = {isa = PBXFileReference; fileEncoding = 4; lastKnownFileType = sourcecode.swift; path = SideMenuManager.swift; sourceTree = "<group>"; };
		5D086A571E768DA60045B115 /* SideMenuTransition.swift */ = {isa = PBXFileReference; fileEncoding = 4; lastKnownFileType = sourcecode.swift; path = SideMenuTransition.swift; sourceTree = "<group>"; };
		5D086A581E768DA60045B115 /* UISideMenuNavigationController.swift */ = {isa = PBXFileReference; fileEncoding = 4; lastKnownFileType = sourcecode.swift; path = UISideMenuNavigationController.swift; sourceTree = "<group>"; };
		5D19BB1C1E5FE41600A693FC /* UserSetting.swift */ = {isa = PBXFileReference; fileEncoding = 4; lastKnownFileType = sourcecode.swift; path = UserSetting.swift; sourceTree = "<group>"; };
		5D265CF81E6FFC25006F56FA /* ShareSdk-Bridge-Header.h */ = {isa = PBXFileReference; lastKnownFileType = sourcecode.c.h; path = "ShareSdk-Bridge-Header.h"; sourceTree = "<group>"; };
		5D32A00C1E7157A50039254E /* zh-Hans */ = {isa = PBXFileReference; lastKnownFileType = text.plist.strings; name = "zh-Hans"; path = "zh-Hans.lproj/LaunchScreen.strings"; sourceTree = "<group>"; };
		5D32A00D1E7157A50039254E /* zh-Hans */ = {isa = PBXFileReference; lastKnownFileType = text.plist.strings; name = "zh-Hans"; path = "zh-Hans.lproj/Main.strings"; sourceTree = "<group>"; };
		5D5161621E546DF4006F512E /* ChooseViewController.swift */ = {isa = PBXFileReference; fileEncoding = 4; lastKnownFileType = sourcecode.swift; path = ChooseViewController.swift; sourceTree = "<group>"; };
		5D5161631E546DF4006F512E /* ChooseViewController.xib */ = {isa = PBXFileReference; fileEncoding = 4; lastKnownFileType = file.xib; path = ChooseViewController.xib; sourceTree = "<group>"; };
		5D68933E1E67F10500694491 /* HorizontalSectionController.swift */ = {isa = PBXFileReference; fileEncoding = 4; lastKnownFileType = sourcecode.swift; name = HorizontalSectionController.swift; path = PM2.5/HorizontalSectionController.swift; sourceTree = "<group>"; };
		5D6893421E67F35000694491 /* EmbeddedCollectionViewCell.swift */ = {isa = PBXFileReference; fileEncoding = 4; lastKnownFileType = sourcecode.swift; name = EmbeddedCollectionViewCell.swift; path = PM2.5/EmbeddedCollectionViewCell.swift; sourceTree = "<group>"; };
		5D6893441E67F38D00694491 /* EmbeddedSectionController.swift */ = {isa = PBXFileReference; fileEncoding = 4; lastKnownFileType = sourcecode.swift; name = EmbeddedSectionController.swift; path = PM2.5/EmbeddedSectionController.swift; sourceTree = "<group>"; };
		5D68934F1E68015700694491 /* WeatherUICollectionViewCell.swift */ = {isa = PBXFileReference; fileEncoding = 4; lastKnownFileType = sourcecode.swift; name = WeatherUICollectionViewCell.swift; path = ../WeatherUICollectionViewCell.swift; sourceTree = "<group>"; };
		5D6893501E68015700694491 /* WeatherUICollectionViewCell.xib */ = {isa = PBXFileReference; fileEncoding = 4; lastKnownFileType = file.xib; name = WeatherUICollectionViewCell.xib; path = ../WeatherUICollectionViewCell.xib; sourceTree = "<group>"; };
		5D69CDE61E5EB99B0004C3D2 /* OnBoardVC.swift */ = {isa = PBXFileReference; fileEncoding = 4; lastKnownFileType = sourcecode.swift; path = OnBoardVC.swift; sourceTree = "<group>"; };
		5D69CDE81E5EC9A60004C3D2 /* VersionControl.swift */ = {isa = PBXFileReference; fileEncoding = 4; lastKnownFileType = sourcecode.swift; path = VersionControl.swift; sourceTree = "<group>"; };
		5D6A02071E34C6E000AA0F50 /* CommonTool.swift */ = {isa = PBXFileReference; fileEncoding = 4; lastKnownFileType = sourcecode.swift; path = CommonTool.swift; sourceTree = "<group>"; };
		5D7838391E8E780900026E0A /* CustomPKHUDView.swift */ = {isa = PBXFileReference; fileEncoding = 4; lastKnownFileType = sourcecode.swift; path = CustomPKHUDView.swift; sourceTree = "<group>"; };
		5D80F7A51E5AE7F500A989D8 /* City.swift */ = {isa = PBXFileReference; fileEncoding = 4; lastKnownFileType = sourcecode.swift; path = City.swift; sourceTree = "<group>"; };
		5D80F7A71E5AE80A00A989D8 /* Citys.xml */ = {isa = PBXFileReference; fileEncoding = 4; lastKnownFileType = text.xml; path = Citys.xml; sourceTree = "<group>"; };
		5D80F7A91E5AEA3700A989D8 /* ParserXML.swift */ = {isa = PBXFileReference; fileEncoding = 4; lastKnownFileType = sourcecode.swift; path = ParserXML.swift; sourceTree = "<group>"; };
		5D80F7AB1E5B046800A989D8 /* CityListCellTableViewCell.swift */ = {isa = PBXFileReference; fileEncoding = 4; lastKnownFileType = sourcecode.swift; path = CityListCellTableViewCell.swift; sourceTree = "<group>"; };
		5D80F7AC1E5B046800A989D8 /* CityListCellTableViewCell.xib */ = {isa = PBXFileReference; fileEncoding = 4; lastKnownFileType = file.xib; path = CityListCellTableViewCell.xib; sourceTree = "<group>"; };
		5D82673B1E7AA62800DDB26A /* ChoosedCity.swift */ = {isa = PBXFileReference; fileEncoding = 4; lastKnownFileType = sourcecode.swift; path = ChoosedCity.swift; sourceTree = "<group>"; };
		5D94BB521E34D2EE00F4CD3D /* MainViewController.swift */ = {isa = PBXFileReference; fileEncoding = 4; lastKnownFileType = sourcecode.swift; path = MainViewController.swift; sourceTree = "<group>"; };
		5DBE7B5B1E6D40B600B2E9D0 /* ForecastDataLoader.swift */ = {isa = PBXFileReference; fileEncoding = 4; lastKnownFileType = sourcecode.swift; path = ForecastDataLoader.swift; sourceTree = "<group>"; };
		5DBE7B5D1E6D414000B2E9D0 /* ForecastEntry.swift */ = {isa = PBXFileReference; fileEncoding = 4; lastKnownFileType = sourcecode.swift; path = ForecastEntry.swift; sourceTree = "<group>"; };
		5DE0048F1E3473CD009517CB /* PM2.5.app */ = {isa = PBXFileReference; explicitFileType = wrapper.application; includeInIndex = 0; path = PM2.5.app; sourceTree = BUILT_PRODUCTS_DIR; };
		5DE004921E3473CD009517CB /* AppDelegate.swift */ = {isa = PBXFileReference; lastKnownFileType = sourcecode.swift; path = AppDelegate.swift; sourceTree = "<group>"; };
		5DE004991E3473CD009517CB /* Base */ = {isa = PBXFileReference; lastKnownFileType = file.storyboard; name = Base; path = Base.lproj/Main.storyboard; sourceTree = "<group>"; };
		5DE0049B1E3473CD009517CB /* Assets.xcassets */ = {isa = PBXFileReference; lastKnownFileType = folder.assetcatalog; path = Assets.xcassets; sourceTree = "<group>"; };
		5DE0049E1E3473CD009517CB /* Base */ = {isa = PBXFileReference; lastKnownFileType = file.storyboard; name = Base; path = Base.lproj/LaunchScreen.storyboard; sourceTree = "<group>"; };
		5DE004A01E3473CD009517CB /* Info.plist */ = {isa = PBXFileReference; lastKnownFileType = text.plist.xml; path = Info.plist; sourceTree = "<group>"; };
		A73BA685815A780E9CB541CF /* Pods-PM2.5.debug.xcconfig */ = {isa = PBXFileReference; includeInIndex = 1; lastKnownFileType = text.xcconfig; name = "Pods-PM2.5.debug.xcconfig"; path = "Pods/Target Support Files/Pods-PM2.5/Pods-PM2.5.debug.xcconfig"; sourceTree = "<group>"; };
		D670352EFB4D571611A901BE /* Pods_PM2_5.framework */ = {isa = PBXFileReference; explicitFileType = wrapper.framework; includeInIndex = 0; path = Pods_PM2_5.framework; sourceTree = BUILT_PRODUCTS_DIR; };
/* End PBXFileReference section */

/* Begin PBXFrameworksBuildPhase section */
		5DE0048C1E3473CD009517CB /* Frameworks */ = {
			isa = PBXFrameworksBuildPhase;
			buildActionMask = 2147483647;
			files = (
				01C5FBDB9D51592320B8B679 /* Pods_PM2_5.framework in Frameworks */,
			);
			runOnlyForDeploymentPostprocessing = 0;
		};
/* End PBXFrameworksBuildPhase section */

/* Begin PBXGroup section */
		54CE0F7263012D8A3791BDBE /* Pods */ = {
			isa = PBXGroup;
			children = (
				A73BA685815A780E9CB541CF /* Pods-PM2.5.debug.xcconfig */,
				3E82051039B5A380D5FE3A38 /* Pods-PM2.5.release.xcconfig */,
			);
			name = Pods;
			sourceTree = "<group>";
		};
		5D086A541E768D900045B115 /* LeftMenu */ = {
			isa = PBXGroup;
			children = (
				5D086A551E768DA60045B115 /* UITableViewVibrantCell.swift */,
				5D086A561E768DA60045B115 /* SideMenuManager.swift */,
				5D086A571E768DA60045B115 /* SideMenuTransition.swift */,
				5D086A581E768DA60045B115 /* UISideMenuNavigationController.swift */,
			);
			name = LeftMenu;
			sourceTree = "<group>";
		};
		5D086A981E76BF5D0045B115 /* Menu */ = {
			isa = PBXGroup;
			children = (
				5D086A541E768D900045B115 /* LeftMenu */,
			);
			name = Menu;
			sourceTree = "<group>";
		};
		5D19BB1B1E5FE3EE00A693FC /* DefaultSetting */ = {
			isa = PBXGroup;
			children = (
				5D19BB1C1E5FE41600A693FC /* UserSetting.swift */,
			);
			name = DefaultSetting;
			sourceTree = "<group>";
		};
		5D68934A1E67F57200694491 /* IGListKitView */ = {
			isa = PBXGroup;
			children = (
				5D68933E1E67F10500694491 /* HorizontalSectionController.swift */,
				5D6893441E67F38D00694491 /* EmbeddedSectionController.swift */,
				5D6893421E67F35000694491 /* EmbeddedCollectionViewCell.swift */,
				5DBE7B5B1E6D40B600B2E9D0 /* ForecastDataLoader.swift */,
			);
			name = IGListKitView;
			path = ..;
			sourceTree = "<group>";
		};
		5D69CDE31E5EB8DB0004C3D2 /* Onboarding */ = {
			isa = PBXGroup;
			children = (
				5D69CDE61E5EB99B0004C3D2 /* OnBoardVC.swift */,
			);
			name = Onboarding;
			sourceTree = "<group>";
		};
		5D6A02061E34C69600AA0F50 /* Tools */ = {
			isa = PBXGroup;
			children = (
				5D80F7A91E5AEA3700A989D8 /* ParserXML.swift */,
				5D6A02071E34C6E000AA0F50 /* CommonTool.swift */,
				5D69CDE81E5EC9A60004C3D2 /* VersionControl.swift */,
			);
			name = Tools;
			sourceTree = "<group>";
		};
		5D80F7AF1E5B17A100A989D8 /* Cell */ = {
			isa = PBXGroup;
			children = (
				5D68934F1E68015700694491 /* WeatherUICollectionViewCell.swift */,
				5D6893501E68015700694491 /* WeatherUICollectionViewCell.xib */,
				5D80F7AB1E5B046800A989D8 /* CityListCellTableViewCell.swift */,
				5D80F7AC1E5B046800A989D8 /* CityListCellTableViewCell.xib */,
			);
			name = Cell;
			sourceTree = "<group>";
		};
		5D80F7B01E5B17B600A989D8 /* ViewController */ = {
			isa = PBXGroup;
			children = (
				5D94BB521E34D2EE00F4CD3D /* MainViewController.swift */,
				5D5161621E546DF4006F512E /* ChooseViewController.swift */,
				5D5161631E546DF4006F512E /* ChooseViewController.xib */,
				5D03BA571E791E5500C84313 /* DeatilViewController.swift */,
			);
			name = ViewController;
			sourceTree = "<group>";
		};
		5D80F7B11E5B17E500A989D8 /* Model */ = {
			isa = PBXGroup;
			children = (
				5D80F7A51E5AE7F500A989D8 /* City.swift */,
				5D80F7A71E5AE80A00A989D8 /* Citys.xml */,
				5DBE7B5D1E6D414000B2E9D0 /* ForecastEntry.swift */,
				5D82673B1E7AA62800DDB26A /* ChoosedCity.swift */,
			);
			name = Model;
			sourceTree = "<group>";
		};
		5D80F7B21E5B183800A989D8 /* View */ = {
			isa = PBXGroup;
			children = (
				5D7838391E8E780900026E0A /* CustomPKHUDView.swift */,
				5DE0049D1E3473CD009517CB /* LaunchScreen.storyboard */,
				5DE004981E3473CD009517CB /* Main.storyboard */,
				5D03BA5D1E79412A00C84313 /* DetailWeatherView.swift */,
				5D03BA5F1E79413400C84313 /* DetailWeatherView.xib */,
			);
			name = View;
			sourceTree = "<group>";
		};
		5DE004861E3473CD009517CB = {
			isa = PBXGroup;
			children = (
				5D265CF81E6FFC25006F56FA /* ShareSdk-Bridge-Header.h */,
				5DE004911E3473CD009517CB /* PM2.5 */,
				5DE004901E3473CD009517CB /* Products */,
				54CE0F7263012D8A3791BDBE /* Pods */,
				C444B84D9F6E7173C2C8090C /* Frameworks */,
			);
			sourceTree = "<group>";
		};
		5DE004901E3473CD009517CB /* Products */ = {
			isa = PBXGroup;
			children = (
				5DE0048F1E3473CD009517CB /* PM2.5.app */,
			);
			name = Products;
			sourceTree = "<group>";
		};
		5DE004911E3473CD009517CB /* PM2.5 */ = {
			isa = PBXGroup;
			children = (
				5D086A981E76BF5D0045B115 /* Menu */,
				5D68934A1E67F57200694491 /* IGListKitView */,
				5D19BB1B1E5FE3EE00A693FC /* DefaultSetting */,
				5D69CDE31E5EB8DB0004C3D2 /* Onboarding */,
				5D80F7B21E5B183800A989D8 /* View */,
				5D80F7B11E5B17E500A989D8 /* Model */,
				5D80F7B01E5B17B600A989D8 /* ViewController */,
				5D80F7AF1E5B17A100A989D8 /* Cell */,
				5D6A02061E34C69600AA0F50 /* Tools */,
				5DE004921E3473CD009517CB /* AppDelegate.swift */,
				5DE0049B1E3473CD009517CB /* Assets.xcassets */,
				5DE004A01E3473CD009517CB /* Info.plist */,
			);
			path = PM2.5;
			sourceTree = "<group>";
		};
		C444B84D9F6E7173C2C8090C /* Frameworks */ = {
			isa = PBXGroup;
			children = (
				D670352EFB4D571611A901BE /* Pods_PM2_5.framework */,
			);
			name = Frameworks;
			sourceTree = "<group>";
		};
/* End PBXGroup section */

/* Begin PBXNativeTarget section */
		5DE0048E1E3473CD009517CB /* PM2.5 */ = {
			isa = PBXNativeTarget;
			buildConfigurationList = 5DE004A31E3473CD009517CB /* Build configuration list for PBXNativeTarget "PM2.5" */;
			buildPhases = (
				36ABF057937C28C730A97C40 /* [CP] Check Pods Manifest.lock */,
				5DE0048B1E3473CD009517CB /* Sources */,
				5DE0048C1E3473CD009517CB /* Frameworks */,
				5DE0048D1E3473CD009517CB /* Resources */,
				471925B081F6095BF497843E /* [CP] Embed Pods Frameworks */,
				C48BFD8BEFCBC2877AC348EE /* [CP] Copy Pods Resources */,
			);
			buildRules = (
			);
			dependencies = (
			);
			name = PM2.5;
			productName = PM2.5;
			productReference = 5DE0048F1E3473CD009517CB /* PM2.5.app */;
			productType = "com.apple.product-type.application";
		};
/* End PBXNativeTarget section */

/* Begin PBXProject section */
		5DE004871E3473CD009517CB /* Project object */ = {
			isa = PBXProject;
			attributes = {
				LastSwiftUpdateCheck = 0820;
				LastUpgradeCheck = 0820;
				ORGANIZATIONNAME = "童小托";
				TargetAttributes = {
					5DE0048E1E3473CD009517CB = {
						CreatedOnToolsVersion = 8.2.1;
						DevelopmentTeam = KCR7C6GSDJ;
						ProvisioningStyle = Automatic;
					};
				};
			};
			buildConfigurationList = 5DE0048A1E3473CD009517CB /* Build configuration list for PBXProject "PM2.5" */;
			compatibilityVersion = "Xcode 3.2";
			developmentRegion = English;
			hasScannedForEncodings = 0;
			knownRegions = (
				en,
				Base,
			);
			mainGroup = 5DE004861E3473CD009517CB;
			productRefGroup = 5DE004901E3473CD009517CB /* Products */;
			projectDirPath = "";
			projectRoot = "";
			targets = (
				5DE0048E1E3473CD009517CB /* PM2.5 */,
			);
		};
/* End PBXProject section */

/* Begin PBXResourcesBuildPhase section */
		5DE0048D1E3473CD009517CB /* Resources */ = {
			isa = PBXResourcesBuildPhase;
			buildActionMask = 2147483647;
			files = (
				5D5161651E546DF4006F512E /* ChooseViewController.xib in Resources */,
				5D80F7AE1E5B046800A989D8 /* CityListCellTableViewCell.xib in Resources */,
				5DE0049F1E3473CD009517CB /* LaunchScreen.storyboard in Resources */,
				5DE0049C1E3473CD009517CB /* Assets.xcassets in Resources */,
				5D03BA601E79413400C84313 /* DetailWeatherView.xib in Resources */,
				5D6893521E68015700694491 /* WeatherUICollectionViewCell.xib in Resources */,
				5D80F7A81E5AE80A00A989D8 /* Citys.xml in Resources */,
				5DE0049A1E3473CD009517CB /* Main.storyboard in Resources */,
			);
			runOnlyForDeploymentPostprocessing = 0;
		};
/* End PBXResourcesBuildPhase section */

/* Begin PBXShellScriptBuildPhase section */
		36ABF057937C28C730A97C40 /* [CP] Check Pods Manifest.lock */ = {
			isa = PBXShellScriptBuildPhase;
			buildActionMask = 2147483647;
			files = (
			);
			inputPaths = (
			);
			name = "[CP] Check Pods Manifest.lock";
			outputPaths = (
			);
			runOnlyForDeploymentPostprocessing = 0;
			shellPath = /bin/sh;
			shellScript = "diff \"${PODS_ROOT}/../Podfile.lock\" \"${PODS_ROOT}/Manifest.lock\" > /dev/null\nif [ $? != 0 ] ; then\n    # print error to STDERR\n    echo \"error: The sandbox is not in sync with the Podfile.lock. Run 'pod install' or update your CocoaPods installation.\" >&2\n    exit 1\nfi\n";
			showEnvVarsInLog = 0;
		};
		471925B081F6095BF497843E /* [CP] Embed Pods Frameworks */ = {
			isa = PBXShellScriptBuildPhase;
			buildActionMask = 2147483647;
			files = (
			);
			inputPaths = (
			);
			name = "[CP] Embed Pods Frameworks";
			outputPaths = (
			);
			runOnlyForDeploymentPostprocessing = 0;
			shellPath = /bin/sh;
			shellScript = "\"${SRCROOT}/Pods/Target Support Files/Pods-PM2.5/Pods-PM2.5-frameworks.sh\"\n";
			showEnvVarsInLog = 0;
		};
		C48BFD8BEFCBC2877AC348EE /* [CP] Copy Pods Resources */ = {
			isa = PBXShellScriptBuildPhase;
			buildActionMask = 2147483647;
			files = (
			);
			inputPaths = (
			);
			name = "[CP] Copy Pods Resources";
			outputPaths = (
			);
			runOnlyForDeploymentPostprocessing = 0;
			shellPath = /bin/sh;
			shellScript = "\"${SRCROOT}/Pods/Target Support Files/Pods-PM2.5/Pods-PM2.5-resources.sh\"\n";
			showEnvVarsInLog = 0;
		};
/* End PBXShellScriptBuildPhase section */

/* Begin PBXSourcesBuildPhase section */
		5DE0048B1E3473CD009517CB /* Sources */ = {
			isa = PBXSourcesBuildPhase;
			buildActionMask = 2147483647;
			files = (
				5DBE7B5C1E6D40B600B2E9D0 /* ForecastDataLoader.swift in Sources */,
				5D94BB531E34D2EE00F4CD3D /* MainViewController.swift in Sources */,
				5D6893511E68015700694491 /* WeatherUICollectionViewCell.swift in Sources */,
				5D69CDE91E5EC9A60004C3D2 /* VersionControl.swift in Sources */,
				5D086A591E768DA60045B115 /* UITableViewVibrantCell.swift in Sources */,
				5D80F7AA1E5AEA3700A989D8 /* ParserXML.swift in Sources */,
				5D19BB1D1E5FE41600A693FC /* UserSetting.swift in Sources */,
				5D086A5C1E768DA60045B115 /* UISideMenuNavigationController.swift in Sources */,
				5D086A5B1E768DA60045B115 /* SideMenuTransition.swift in Sources */,
				5D086A5A1E768DA60045B115 /* SideMenuManager.swift in Sources */,
				5D78383A1E8E780900026E0A /* CustomPKHUDView.swift in Sources */,
				5D68933F1E67F10500694491 /* HorizontalSectionController.swift in Sources */,
				5D03BA591E791E5500C84313 /* DeatilViewController.swift in Sources */,
				5DBE7B5E1E6D414000B2E9D0 /* ForecastEntry.swift in Sources */,
				5D80F7A61E5AE7F500A989D8 /* City.swift in Sources */,
				5DE004931E3473CD009517CB /* AppDelegate.swift in Sources */,
				5D5161641E546DF4006F512E /* ChooseViewController.swift in Sources */,
				5D69CDE71E5EB99B0004C3D2 /* OnBoardVC.swift in Sources */,
				5D6893431E67F35000694491 /* EmbeddedCollectionViewCell.swift in Sources */,
				5D6A02081E34C6E000AA0F50 /* CommonTool.swift in Sources */,
				5D82673C1E7AA62800DDB26A /* ChoosedCity.swift in Sources */,
				5D03BA5E1E79412A00C84313 /* DetailWeatherView.swift in Sources */,
				5D80F7AD1E5B046800A989D8 /* CityListCellTableViewCell.swift in Sources */,
				5D6893451E67F38D00694491 /* EmbeddedSectionController.swift in Sources */,
			);
			runOnlyForDeploymentPostprocessing = 0;
		};
/* End PBXSourcesBuildPhase section */

/* Begin PBXVariantGroup section */
		5DE004981E3473CD009517CB /* Main.storyboard */ = {
			isa = PBXVariantGroup;
			children = (
				5DE004991E3473CD009517CB /* Base */,
				5D32A00D1E7157A50039254E /* zh-Hans */,
			);
			name = Main.storyboard;
			sourceTree = "<group>";
		};
		5DE0049D1E3473CD009517CB /* LaunchScreen.storyboard */ = {
			isa = PBXVariantGroup;
			children = (
				5DE0049E1E3473CD009517CB /* Base */,
				5D32A00C1E7157A50039254E /* zh-Hans */,
			);
			name = LaunchScreen.storyboard;
			sourceTree = "<group>";
		};
/* End PBXVariantGroup section */

/* Begin XCBuildConfiguration section */
		5DE004A11E3473CD009517CB /* Debug */ = {
			isa = XCBuildConfiguration;
			buildSettings = {
				ALWAYS_SEARCH_USER_PATHS = NO;
				CLANG_ANALYZER_LOCALIZABILITY_NONLOCALIZED = YES;
				CLANG_ANALYZER_NONNULL = YES;
				CLANG_CXX_LANGUAGE_STANDARD = "gnu++0x";
				CLANG_CXX_LIBRARY = "libc++";
				CLANG_ENABLE_MODULES = YES;
				CLANG_ENABLE_OBJC_ARC = YES;
				CLANG_WARN_BOOL_CONVERSION = YES;
				CLANG_WARN_CONSTANT_CONVERSION = YES;
				CLANG_WARN_DIRECT_OBJC_ISA_USAGE = YES_ERROR;
				CLANG_WARN_DOCUMENTATION_COMMENTS = YES;
				CLANG_WARN_EMPTY_BODY = YES;
				CLANG_WARN_ENUM_CONVERSION = YES;
				CLANG_WARN_INFINITE_RECURSION = YES;
				CLANG_WARN_INT_CONVERSION = YES;
				CLANG_WARN_OBJC_ROOT_CLASS = YES_ERROR;
				CLANG_WARN_SUSPICIOUS_MOVE = YES;
				CLANG_WARN_UNREACHABLE_CODE = YES;
				CLANG_WARN__DUPLICATE_METHOD_MATCH = YES;
				CODE_SIGN_IDENTITY = "iPhone Distribution: Ziqi Tong (KCR7C6GSDJ)";
				"CODE_SIGN_IDENTITY[sdk=iphoneos*]" = "iPhone Distribution: Ziqi Tong (KCR7C6GSDJ)";
				COPY_PHASE_STRIP = NO;
				DEBUG_INFORMATION_FORMAT = dwarf;
				ENABLE_STRICT_OBJC_MSGSEND = YES;
				ENABLE_TESTABILITY = YES;
				GCC_C_LANGUAGE_STANDARD = gnu99;
				GCC_DYNAMIC_NO_PIC = NO;
				GCC_NO_COMMON_BLOCKS = YES;
				GCC_OPTIMIZATION_LEVEL = 0;
				GCC_PREPROCESSOR_DEFINITIONS = (
					"DEBUG=1",
					"$(inherited)",
				);
				GCC_WARN_64_TO_32_BIT_CONVERSION = YES;
				GCC_WARN_ABOUT_RETURN_TYPE = YES_ERROR;
				GCC_WARN_UNDECLARED_SELECTOR = YES;
				GCC_WARN_UNINITIALIZED_AUTOS = YES_AGGRESSIVE;
				GCC_WARN_UNUSED_FUNCTION = YES;
				GCC_WARN_UNUSED_VARIABLE = YES;
				IPHONEOS_DEPLOYMENT_TARGET = 8.0;
				MTL_ENABLE_DEBUG_INFO = YES;
				ONLY_ACTIVE_ARCH = YES;
				OTHER_LDFLAGS = "";
				SDKROOT = iphoneos;
				SWIFT_ACTIVE_COMPILATION_CONDITIONS = DEBUG;
				SWIFT_OPTIMIZATION_LEVEL = "-Onone";
				TARGETED_DEVICE_FAMILY = "1,2";
			};
			name = Debug;
		};
		5DE004A21E3473CD009517CB /* Release */ = {
			isa = XCBuildConfiguration;
			buildSettings = {
				ALWAYS_SEARCH_USER_PATHS = NO;
				CLANG_ANALYZER_LOCALIZABILITY_NONLOCALIZED = YES;
				CLANG_ANALYZER_NONNULL = YES;
				CLANG_CXX_LANGUAGE_STANDARD = "gnu++0x";
				CLANG_CXX_LIBRARY = "libc++";
				CLANG_ENABLE_MODULES = YES;
				CLANG_ENABLE_OBJC_ARC = YES;
				CLANG_WARN_BOOL_CONVERSION = YES;
				CLANG_WARN_CONSTANT_CONVERSION = YES;
				CLANG_WARN_DIRECT_OBJC_ISA_USAGE = YES_ERROR;
				CLANG_WARN_DOCUMENTATION_COMMENTS = YES;
				CLANG_WARN_EMPTY_BODY = YES;
				CLANG_WARN_ENUM_CONVERSION = YES;
				CLANG_WARN_INFINITE_RECURSION = YES;
				CLANG_WARN_INT_CONVERSION = YES;
				CLANG_WARN_OBJC_ROOT_CLASS = YES_ERROR;
				CLANG_WARN_SUSPICIOUS_MOVE = YES;
				CLANG_WARN_UNREACHABLE_CODE = YES;
				CLANG_WARN__DUPLICATE_METHOD_MATCH = YES;
				CODE_SIGN_IDENTITY = "iPhone Distribution: Ziqi Tong (KCR7C6GSDJ)";
				"CODE_SIGN_IDENTITY[sdk=iphoneos*]" = "iPhone Distribution: Ziqi Tong (KCR7C6GSDJ)";
				COPY_PHASE_STRIP = NO;
				DEBUG_INFORMATION_FORMAT = "dwarf-with-dsym";
				ENABLE_NS_ASSERTIONS = NO;
				ENABLE_STRICT_OBJC_MSGSEND = YES;
				GCC_C_LANGUAGE_STANDARD = gnu99;
				GCC_NO_COMMON_BLOCKS = YES;
				GCC_WARN_64_TO_32_BIT_CONVERSION = YES;
				GCC_WARN_ABOUT_RETURN_TYPE = YES_ERROR;
				GCC_WARN_UNDECLARED_SELECTOR = YES;
				GCC_WARN_UNINITIALIZED_AUTOS = YES_AGGRESSIVE;
				GCC_WARN_UNUSED_FUNCTION = YES;
				GCC_WARN_UNUSED_VARIABLE = YES;
				IPHONEOS_DEPLOYMENT_TARGET = 8.0;
				MTL_ENABLE_DEBUG_INFO = NO;
				OTHER_LDFLAGS = "";
				SDKROOT = iphoneos;
				SWIFT_OPTIMIZATION_LEVEL = "-Owholemodule";
				TARGETED_DEVICE_FAMILY = "1,2";
				VALIDATE_PRODUCT = YES;
			};
			name = Release;
		};
		5DE004A41E3473CD009517CB /* Debug */ = {
			isa = XCBuildConfiguration;
			baseConfigurationReference = A73BA685815A780E9CB541CF /* Pods-PM2.5.debug.xcconfig */;
			buildSettings = {
				ALWAYS_EMBED_SWIFT_STANDARD_LIBRARIES = YES;
				ASSETCATALOG_COMPILER_APPICON_NAME = AppIcon;
				CODE_SIGN_IDENTITY = "iPhone Developer";
				"CODE_SIGN_IDENTITY[sdk=iphoneos*]" = "iPhone Developer";
				DEVELOPMENT_TEAM = "";
				INFOPLIST_FILE = PM2.5/Info.plist;
				LD_RUNPATH_SEARCH_PATHS = "$(inherited) @executable_path/Frameworks";
				PRODUCT_NAME = "$(TARGET_NAME)";
				PROVISIONING_PROFILE = "";
				PROVISIONING_PROFILE_SPECIFIER = "";
				SWIFT_OBJC_BRIDGING_HEADER = "ShareSdk-Bridge-Header.h";
				SWIFT_VERSION = 3.0;
				TARGETED_DEVICE_FAMILY = 1;
			};
			name = Debug;
		};
		5DE004A51E3473CD009517CB /* Release */ = {
			isa = XCBuildConfiguration;
			baseConfigurationReference = 3E82051039B5A380D5FE3A38 /* Pods-PM2.5.release.xcconfig */;
			buildSettings = {
				ALWAYS_EMBED_SWIFT_STANDARD_LIBRARIES = YES;
				ASSETCATALOG_COMPILER_APPICON_NAME = AppIcon;
				CODE_SIGN_IDENTITY = "iPhone Developer";
				"CODE_SIGN_IDENTITY[sdk=iphoneos*]" = "iPhone Developer";
				DEVELOPMENT_TEAM = "";
				INFOPLIST_FILE = PM2.5/Info.plist;
				LD_RUNPATH_SEARCH_PATHS = "$(inherited) @executable_path/Frameworks";
				PRODUCT_NAME = "$(TARGET_NAME)";
				PROVISIONING_PROFILE = "";
				PROVISIONING_PROFILE_SPECIFIER = "";
				SWIFT_OBJC_BRIDGING_HEADER = "ShareSdk-Bridge-Header.h";
				SWIFT_VERSION = 3.0;
				TARGETED_DEVICE_FAMILY = 1;
			};
			name = Release;
		};
/* End XCBuildConfiguration section */

/* Begin XCConfigurationList section */
		5DE0048A1E3473CD009517CB /* Build configuration list for PBXProject "PM2.5" */ = {
			isa = XCConfigurationList;
			buildConfigurations = (
				5DE004A11E3473CD009517CB /* Debug */,
				5DE004A21E3473CD009517CB /* Release */,
			);
			defaultConfigurationIsVisible = 0;
			defaultConfigurationName = Release;
		};
		5DE004A31E3473CD009517CB /* Build configuration list for PBXNativeTarget "PM2.5" */ = {
			isa = XCConfigurationList;
			buildConfigurations = (
				5DE004A41E3473CD009517CB /* Debug */,
				5DE004A51E3473CD009517CB /* Release */,
			);
			defaultConfigurationIsVisible = 0;
			defaultConfigurationName = Release;
		};
/* End XCConfigurationList section */
	};
	rootObject = 5DE004871E3473CD009517CB /* Project object */;
}
